
Microsoft Visual Studio Solution File, Format Version 12.00
# Visual Studio Version 17
VisualStudioVersion = 17.1.32228.430
MinimumVisualStudioVersion = 10.0.40219.1
Project("{FAE04EC0-301F-11D3-BF4B-00C04F79EFBC}") = "WebApi", "WebApi\WebApi.csproj", "{91469CBE-F2FD-4AB0-97BE-4AF0BF08CEAC}"
EndProject
Global
	GlobalSection(SolutionConfigurationPlatforms) = preSolution
		Debug|Any CPU = Debug|Any CPU
		Release|Any CPU = Release|Any CPU
	EndGlobalSection
	GlobalSection(ProjectConfigurationPlatforms) = postSolution
		{91469CBE-F2FD-4AB0-97BE-4AF0BF08CEAC}.Debug|Any CPU.ActiveCfg = Debug|Any CPU
		{91469CBE-F2FD-4AB0-97BE-4AF0BF08CEAC}.Debug|Any CPU.Build.0 = Debug|Any CPU
		{91469CBE-F2FD-4AB0-97BE-4AF0BF08CEAC}.Release|Any CPU.ActiveCfg = Release|Any CPU
		{91469CBE-F2FD-4AB0-97BE-4AF0BF08CEAC}.Release|Any CPU.Build.0 = Release|Any CPU
	EndGlobalSection
	GlobalSection(SolutionProperties) = preSolution
		HideSolutionNode = FALSE
	EndGlobalSection
	GlobalSection(ExtensibilityGlobals) = postSolution
		SolutionGuid = {A97D22B0-5740-4AB1-A6CE-83F14439D948}
	EndGlobalSection
EndGlobal
